# @generated - this file is auto-generated by `mise lock` https://mise.jdx.dev/dev-tools/mise-lock.html

[[tools.dprint]]
version = "0.52.0"
backend = "github:dprint/dprint"

[tools.dprint."platforms.linux-arm64"]
checksum = "sha256:8a4675df3db6498d1fef37c1da508fa28dbdd9e87cd3c8ac15f5f763d2fec863"
url = "https://github.com/dprint/dprint/releases/download/0.52.0/dprint-aarch64-unknown-linux-gnu.zip"
url_api = "https://api.github.com/repos/dprint/dprint/releases/assets/361608826"

[tools.dprint."platforms.linux-x64"]
checksum = "sha256:3172f1564e4984ab0b511d5872b128ac91429a9e32a2db95977f3611a524d224"
url = "https://github.com/dprint/dprint/releases/download/0.52.0/dprint-x86_64-unknown-linux-gnu.zip"
url_api = "https://api.github.com/repos/dprint/dprint/releases/assets/361608820"

[tools.dprint."platforms.macos-arm64"]
checksum = "sha256:bb3a5be1444fcfaf2f405cbf8af7da809d055705a2ca17bd2e7edff6f2959354"
url = "https://github.com/dprint/dprint/releases/download/0.52.0/dprint-aarch64-apple-darwin.zip"
url_api = "https://api.github.com/repos/dprint/dprint/releases/assets/361608824"

[tools.dprint."platforms.macos-x64"]
checksum = "sha256:aa42a8ce7f84393c601f16bfd57e2425ccfa3b68f06d62162aa73888fd38bc75"
url = "https://github.com/dprint/dprint/releases/download/0.52.0/dprint-x86_64-apple-darwin.zip"
url_api = "https://api.github.com/repos/dprint/dprint/releases/assets/361608827"

[tools.dprint."platforms.windows-x64"]
checksum = "sha256:bbb22a19022e104b27f28426bb984fee3733294b67b3c6bbb3a8ebed1e0c1cb2"
url = "https://github.com/dprint/dprint/releases/download/0.52.0/dprint-x86_64-pc-windows-msvc.zip"
url_api = "https://api.github.com/repos/dprint/dprint/releases/assets/361608825"

[[tools.git-cliff]]
version = "2.13.1"
backend = "aqua:orhun/git-cliff"

[tools.git-cliff."platforms.linux-arm64"]
checksum = "sha256:9619b7f0c584229f8a2331c1905afe88bd938bdc9102926c2073836a42f02455"
url = "https://github.com/orhun/git-cliff/releases/download/v2.13.1/git-cliff-2.13.1-aarch64-unknown-linux-gnu.tar.gz"
url_api = "https://api.github.com/repos/orhun/git-cliff/releases/assets/405850077"

[tools.git-cliff."platforms.linux-x64"]
checksum = "sha256:9a1263f24e59a2f508c7b3d3283c9dea94a8bf697f96dbc18cc783cac6284546"
url = "https://github.com/orhun/git-cliff/releases/download/v2.13.1/git-cliff-2.13.1-x86_64-unknown-linux-gnu.tar.gz"
url_api = "https://api.github.com/repos/orhun/git-cliff/releases/assets/405850439"

[tools.git-cliff."platforms.macos-arm64"]
checksum = "sha256:21547ae4a0421164070ab75c2522864ea5565858a011fabc5f583061b20f1226"
url = "https://github.com/orhun/git-cliff/releases/download/v2.13.1/git-cliff-2.13.1-aarch64-apple-darwin.tar.gz"
url_api = "https://api.github.com/repos/orhun/git-cliff/releases/assets/405849885"

[tools.git-cliff."platforms.macos-x64"]
checksum = "sha256:6e60ae390d375cecb9d8008c49f0e724a8dfe40390b532ef5501e421d2cc8acb"
url = "https://github.com/orhun/git-cliff/releases/download/v2.13.1/git-cliff-2.13.1-x86_64-apple-darwin.tar.gz"
url_api = "https://api.github.com/repos/orhun/git-cliff/releases/assets/405850193"

[tools.git-cliff."platforms.windows-x64"]
checksum = "sha256:3ae3a5549e85c7ad5b20192ebcfee4371269deca51255f6f2f2e051c6541f5ca"
url = "https://github.com/orhun/git-cliff/releases/download/v2.13.1/git-cliff-2.13.1-x86_64-pc-windows-msvc.zip"
url_api = "https://api.github.com/repos/orhun/git-cliff/releases/assets/405851866"

[[tools.go]]
version = "1.26.4"
backend = "core:go"

[[tools.golangci-lint]]
version = "2.12.2"
backend = "aqua:golangci/golangci-lint"

[[tools.goreleaser]]
version = "2.14.1"
backend = "aqua:goreleaser/goreleaser"

[tools.goreleaser."platforms.linux-arm64"]
checksum = "sha256:a84d3b27f052c12ad5c8342d7caf1450a7174a305730aed21d72db09301e49a5"
url = "https://github.com/goreleaser/goreleaser/releases/download/v2.14.1/goreleaser_Linux_arm64.tar.gz"

[tools.goreleaser."platforms.linux-x64"]
checksum = "sha256:2df975a7acbfdeaf888d596cab0024d48ec7fb7d747e1d08b90948b791f40a5f"
url = "https://github.com/goreleaser/goreleaser/releases/download/v2.14.1/goreleaser_Linux_x86_64.tar.gz"

[tools.goreleaser."platforms.macos-arm64"]
checksum = "sha256:9f2e47f847b4f4177376fc6aa6914fbc7f673f59720076747e738b578c2e896e"
url = "https://github.com/goreleaser/goreleaser/releases/download/v2.14.1/goreleaser_Darwin_all.tar.gz"

[tools.goreleaser."platforms.macos-x64"]
checksum = "sha256:9f2e47f847b4f4177376fc6aa6914fbc7f673f59720076747e738b578c2e896e"
url = "https://github.com/goreleaser/goreleaser/releases/download/v2.14.1/goreleaser_Darwin_all.tar.gz"

[tools.goreleaser."platforms.windows-x64"]
checksum = "sha256:d7a3d8ba795e97ab8c4f8003630d300da164adf21fde5a4049440c20f15c3137"
url = "https://github.com/goreleaser/goreleaser/releases/download/v2.14.1/goreleaser_Windows_x86_64.zip"

[[tools.gotestsum]]
version = "1.13.0"
backend = "aqua:gotestyourself/gotestsum"

[tools.gotestsum."platforms.linux-arm64"]
checksum = "sha256:7644a4c5cd1bb978d56245aeab25a586ac5ac62adebed20a399548867c13499d"
url = "https://github.com/gotestyourself/gotestsum/releases/download/v1.13.0/gotestsum_1.13.0_linux_arm64.tar.gz"

[tools.gotestsum."platforms.linux-x64"]
checksum = "sha256:11ccddeaf708ef228889f9fe2f68291a75b27013ddfc3b18156e094f5f40e8ee"
url = "https://github.com/gotestyourself/gotestsum/releases/download/v1.13.0/gotestsum_1.13.0_linux_amd64.tar.gz"

[tools.gotestsum."platforms.macos-arm64"]
checksum = "sha256:509cb27aef747f48faf9bce424f59dcf79572c905204b990ee935bbfcc7fa0e9"
url = "https://github.com/gotestyourself/gotestsum/releases/download/v1.13.0/gotestsum_1.13.0_darwin_arm64.tar.gz"

[tools.gotestsum."platforms.macos-x64"]
checksum = "sha256:99529350f4c7b780b1efc543ca0d9721b09f0a4228f0efa9281261f58fefa05a"
url = "https://github.com/gotestyourself/gotestsum/releases/download/v1.13.0/gotestsum_1.13.0_darwin_amd64.tar.gz"

[tools.gotestsum."platforms.windows-x64"]
checksum = "sha256:fd5a6dc69e46a0970593e70d85a7e75f16714e9c61d6d72ccc324eb82df5bb8a"
url = "https://github.com/gotestyourself/gotestsum/releases/download/v1.13.0/gotestsum_1.13.0_windows_amd64.tar.gz"

[[tools.shfmt]]
version = "3.12.0"
backend = "aqua:mvdan/sh"

[tools.shfmt."platforms.linux-arm64"]
checksum = "sha256:5f3fe3fa6a9f766e6a182ba79a94bef8afedafc57db0b1ad32b0f67fae971ba4"
url = "https://github.com/mvdan/sh/releases/download/v3.12.0/shfmt_v3.12.0_linux_arm64"

[tools.shfmt."platforms.linux-x64"]
checksum = "sha256:d9fbb2a9c33d13f47e7618cf362a914d029d02a6df124064fff04fd688a745ea"
url = "https://github.com/mvdan/sh/releases/download/v3.12.0/shfmt_v3.12.0_linux_amd64"

[tools.shfmt."platforms.macos-arm64"]
checksum = "sha256:d903802e0ce3ecbc82b98512f55ba370b0d37a93f3f78de394f5b657052b33dd"
url = "https://github.com/mvdan/sh/releases/download/v3.12.0/shfmt_v3.12.0_darwin_arm64"

[tools.shfmt."platforms.macos-x64"]
checksum = "sha256:c31548693de6584e6164b7ed5fbb7b4a083f2d937ca94b4e0ddf59aa461a85e4"
url = "https://github.com/mvdan/sh/releases/download/v3.12.0/shfmt_v3.12.0_darwin_amd64"

[tools.shfmt."platforms.windows-x64"]
checksum = "sha256:c8bda517ba1c640ce4a715c0fa665439ddbe4357ba5e9b77b0e51e70e2b9c94b"
url = "https://github.com/mvdan/sh/releases/download/v3.12.0/shfmt_v3.12.0_windows_amd64.exe"

[[tools.svu]]
version = "3.4.0"
backend = "aqua:caarlos0/svu"

[tools.svu."platforms.linux-arm64"]
checksum = "sha256:ba8efd1da67532b811fe2864e43a93128b0c02702d1ad3a685ad58f41923f0eb"
url = "https://github.com/caarlos0/svu/releases/download/v3.4.0/svu_3.4.0_linux_arm64.tar.gz"
url_api = "https://api.github.com/repos/caarlos0/svu/releases/assets/364119349"
provenance = "github-attestations"

[tools.svu."platforms.linux-x64"]
checksum = "sha256:f9fe4f0edb7d8cf4b0ecd84dd8ffa7e36186da6c701ab5fa59cb75a100a1705e"
url = "https://github.com/caarlos0/svu/releases/download/v3.4.0/svu_3.4.0_linux_amd64.tar.gz"
url_api = "https://api.github.com/repos/caarlos0/svu/releases/assets/364119347"
provenance = "github-attestations"

[tools.svu."platforms.macos-arm64"]
checksum = "sha256:ef1534a5e3eddef786a8b3ae0a280fc295662e3d3f738135ecb9f6477f7c4aab"
url = "https://github.com/caarlos0/svu/releases/download/v3.4.0/svu_3.4.0_darwin_all.tar.gz"
url_api = "https://api.github.com/repos/caarlos0/svu/releases/assets/364119355"
provenance = "github-attestations"

[tools.svu."platforms.macos-x64"]
checksum = "sha256:ef1534a5e3eddef786a8b3ae0a280fc295662e3d3f738135ecb9f6477f7c4aab"
url = "https://github.com/caarlos0/svu/releases/download/v3.4.0/svu_3.4.0_darwin_all.tar.gz"
url_api = "https://api.github.com/repos/caarlos0/svu/releases/assets/364119355"
provenance = "github-attestations"

[tools.svu."platforms.windows-x64"]
checksum = "sha256:e0970676993787121f143d7d33b07e59eae5770c35269ceef53464144403fd2f"
url = "https://github.com/caarlos0/svu/releases/download/v3.4.0/svu_3.4.0_windows_amd64.zip"
url_api = "https://api.github.com/repos/caarlos0/svu/releases/assets/364119346"
provenance = "github-attestations"
